
Microsoft Visual Studio Solution File, Format Version 12.00
# Visual Studio Version 17
VisualStudioVersion = 17.3.32901.215
MinimumVisualStudioVersion = 10.0.40219.1
Project("{FAE04EC0-301F-11D3-BF4B-00C04F79EFBC}") = "ScoreYourPoint.Api", "ScoreYourPoint.Api\ScoreYourPoint.Api.csproj", "{C73B62DF-637E-4E5F-ADB5-657B448DFDDE}"
EndProject
Project("{FAE04EC0-301F-11D3-BF4B-00C04F79EFBC}") = "ScoreYourPoint.Infra", "ScoreYourPoint.Infra\ScoreYourPoint.Infra.csproj", "{76E0B3D3-CCF0-437C-928B-F497A4882EC0}"
EndProject
Project("{FAE04EC0-301F-11D3-BF4B-00C04F79EFBC}") = "ScoreYourPoint.Services", "ScoreYourPoint.Services\ScoreYourPoint.Services.csproj", "{A28AA1F4-5824-4795-A0F1-F2885F5569A3}"
EndProject
Project("{FAE04EC0-301F-11D3-BF4B-00C04F79EFBC}") = "ScoreYourPoint.Dto", "ScoreYourPoint.Dto\ScoreYourPoint.Dto.csproj", "{53FACA6C-533A-4B36-8581-5248CD6C6AFE}"
EndProject
Project("{FAE04EC0-301F-11D3-BF4B-00C04F79EFBC}") = "ScoreYourPoint.Domain", "ScoreYourPoint.Domain\ScoreYourPoint.Domain.csproj", "{D12746C4-E90D-4A94-B9F7-B5B948748F31}"
EndProject
Global
	GlobalSection(SolutionConfigurationPlatforms) = preSolution
		Debug|Any CPU = Debug|Any CPU
		Release|Any CPU = Release|Any CPU
	EndGlobalSection
	GlobalSection(ProjectConfigurationPlatforms) = postSolution
		{C73B62DF-637E-4E5F-ADB5-657B448DFDDE}.Debug|Any CPU.ActiveCfg = Debug|Any CPU
		{C73B62DF-637E-4E5F-ADB5-657B448DFDDE}.Debug|Any CPU.Build.0 = Debug|Any CPU
		{C73B62DF-637E-4E5F-ADB5-657B448DFDDE}.Release|Any CPU.ActiveCfg = Release|Any CPU
		{C73B62DF-637E-4E5F-ADB5-657B448DFDDE}.Release|Any CPU.Build.0 = Release|Any CPU
		{76E0B3D3-CCF0-437C-928B-F497A4882EC0}.Debug|Any CPU.ActiveCfg = Debug|Any CPU
		{76E0B3D3-CCF0-437C-928B-F497A4882EC0}.Debug|Any CPU.Build.0 = Debug|Any CPU
		{76E0B3D3-CCF0-437C-928B-F497A4882EC0}.Release|Any CPU.ActiveCfg = Release|Any CPU
		{76E0B3D3-CCF0-437C-928B-F497A4882EC0}.Release|Any CPU.Build.0 = Release|Any CPU
		{A28AA1F4-5824-4795-A0F1-F2885F5569A3}.Debug|Any CPU.ActiveCfg = Debug|Any CPU
		{A28AA1F4-5824-4795-A0F1-F2885F5569A3}.Debug|Any CPU.Build.0 = Debug|Any CPU
		{A28AA1F4-5824-4795-A0F1-F2885F5569A3}.Release|Any CPU.ActiveCfg = Release|Any CPU
		{A28AA1F4-5824-4795-A0F1-F2885F5569A3}.Release|Any CPU.Build.0 = Release|Any CPU
		{53FACA6C-533A-4B36-8581-5248CD6C6AFE}.Debug|Any CPU.ActiveCfg = Debug|Any CPU
		{53FACA6C-533A-4B36-8581-5248CD6C6AFE}.Debug|Any CPU.Build.0 = Debug|Any CPU
		{53FACA6C-533A-4B36-8581-5248CD6C6AFE}.Release|Any CPU.ActiveCfg = Release|Any CPU
		{53FACA6C-533A-4B36-8581-5248CD6C6AFE}.Release|Any CPU.Build.0 = Release|Any CPU
		{D12746C4-E90D-4A94-B9F7-B5B948748F31}.Debug|Any CPU.ActiveCfg = Debug|Any CPU
		{D12746C4-E90D-4A94-B9F7-B5B948748F31}.Debug|Any CPU.Build.0 = Debug|Any CPU
		{D12746C4-E90D-4A94-B9F7-B5B948748F31}.Release|Any CPU.ActiveCfg = Release|Any CPU
		{D12746C4-E90D-4A94-B9F7-B5B948748F31}.Release|Any CPU.Build.0 = Release|Any CPU
	EndGlobalSection
	GlobalSection(SolutionProperties) = preSolution
		HideSolutionNode = FALSE
	EndGlobalSection
	GlobalSection(ExtensibilityGlobals) = postSolution
		SolutionGuid = {F4443C70-D6B7-4D35-8849-E80D64F68880}
	EndGlobalSection
EndGlobal
